Microsoft Visual Studio Solution File, Format Version 12.00
# Visual Studio 2012
Project("{FAE04EC0-301F-11D3-BF4B-00C04F79EFBC}") = "roguelike_tutorial", "roguelike_tutorial.csproj", "{A19E0834-88FD-418C-A58D-349A76C9A218}"
EndProject
Global
	GlobalSection(SolutionConfigurationPlatforms) = preSolution
	Debug|Any CPU = Debug|Any CPU
	ExportDebug|Any CPU = ExportDebug|Any CPU
	ExportRelease|Any CPU = ExportRelease|Any CPU
	EndGlobalSection
	GlobalSection(ProjectConfigurationPlatforms) = postSolution
		{A19E0834-88FD-418C-A58D-349A76C9A218}.Debug|Any CPU.ActiveCfg = Debug|Any CPU
		{A19E0834-88FD-418C-A58D-349A76C9A218}.Debug|Any CPU.Build.0 = Debug|Any CPU
		{A19E0834-88FD-418C-A58D-349A76C9A218}.ExportDebug|Any CPU.ActiveCfg = ExportDebug|Any CPU
		{A19E0834-88FD-418C-A58D-349A76C9A218}.ExportDebug|Any CPU.Build.0 = ExportDebug|Any CPU
		{A19E0834-88FD-418C-A58D-349A76C9A218}.ExportRelease|Any CPU.ActiveCfg = ExportRelease|Any CPU
		{A19E0834-88FD-418C-A58D-349A76C9A218}.ExportRelease|Any CPU.Build.0 = ExportRelease|Any CPU
	EndGlobalSection
EndGlobal
